
Microsoft Visual Studio Solution File, Format Version 12.00
# Visual Studio Version 17
VisualStudioVersion = 17.14.36414.22 d17.14
MinimumVisualStudioVersion = 10.0.40219.1
Project("{FAE04EC0-301F-11D3-BF4B-00C04F79EFBC}") = "Sistema Autonomo Predadores", "Sistema Autonomo Predadores.csproj", "{55E4D383-0091-4815-B19B-08D8B09397D3}"
EndProject
Global
	GlobalSection(SolutionConfigurationPlatforms) = preSolution
		Debug|Any CPU = Debug|Any CPU
		Release|Any CPU = Release|Any CPU
	EndGlobalSection
	GlobalSection(ProjectConfigurationPlatforms) = postSolution
		{55E4D383-0091-4815-B19B-08D8B09397D3}.Debug|Any CPU.ActiveCfg = Debug|Any CPU
		{55E4D383-0091-4815-B19B-08D8B09397D3}.Debug|Any CPU.Build.0 = Debug|Any CPU
		{55E4D383-0091-4815-B19B-08D8B09397D3}.Release|Any CPU.ActiveCfg = Release|Any CPU
		{55E4D383-0091-4815-B19B-08D8B09397D3}.Release|Any CPU.Build.0 = Release|Any CPU
	EndGlobalSection
	GlobalSection(SolutionProperties) = preSolution
		HideSolutionNode = FALSE
	EndGlobalSection
	GlobalSection(ExtensibilityGlobals) = postSolution
		SolutionGuid = {0DD8BE29-D5A0-4F08-B0D8-DE9E288D414B}
	EndGlobalSection
EndGlobal
